<?xml version="1.0" encoding="utf-8"?>
<Project ToolsVersion="4.0" xmlns="http://schemas.microsoft.com/developer/msbuild/2003">
  <ItemGroup>
    <Filter Include="Source Files">
      <UniqueIdentifier>{4FC737F1-C7A5-4376-A066-2A32D752A2FF}</UniqueIdentifier>
      <Extensions>cpp;c;cc;cxx;c++;cppm;ixx;def;odl;idl;hpj;bat;asm;asmx</Extensions>
    </Filter>
    <Filter Include="Header Files">
      <UniqueIdentifier>{93995380-89BD-4b04-88EB-625FBE52EBFB}</UniqueIdentifier>
      <Extensions>h;hh;hpp;hxx;h++;hm;inl;inc;ipp;xsd</Extensions>
    </Filter>
    <Filter Include="Resource Files">
      <UniqueIdentifier>{67DA6AB6-F800-4c08-8B7A-83BB121AAD01}</UniqueIdentifier>
      <Extensions>rc;ico;cur;bmp;dlg;rc2;rct;bin;rgs;gif;jpg;jpeg;jpe;resx;tiff;tif;png;wav;mfcribbon-ms</Extensions>
    </Filter>
    <Filter Include="Header Files\SFBGS">
      <UniqueIdentifier>{15dc1c76-3153-4374-983a-be06cf339803}</UniqueIdentifier>
    </Filter>
    <Filter Include="Source Files\SFBGS">
      <UniqueIdentifier>{a4e6a5db-c59a-408d-a49b-9929108d6574}</UniqueIdentifier>
    </Filter>
    <Filter Include="Header Files\Interfaces">
      <UniqueIdentifier>{6ce2dc96-8600-49d9-bf56-7e91fe6df085}</UniqueIdentifier>
    </Filter>
    <Filter Include="Source Files\Interfaces">
      <UniqueIdentifier>{4b54b2f5-8753-48af-8e80-7fd679c022ba}</UniqueIdentifier>
    </Filter>
    <Filter Include="Header Files\File Validation">
      <UniqueIdentifier>{59145152-9ed1-457a-b7d0-d561bbeb1035}</UniqueIdentifier>
    </Filter>
    <Filter Include="Source Files\File Validation">
      <UniqueIdentifier>{9c54cd1c-1691-4670-844f-4a253218cc15}</UniqueIdentifier>
    </Filter>
    <Filter Include="Header Files\Utilities">
      <UniqueIdentifier>{c7f285f3-8e0a-48c4-9e27-f58c08422108}</UniqueIdentifier>
    </Filter>
    <Filter Include="Source Files\Utilities">
      <UniqueIdentifier>{f414b79d-9e02-4b54-9453-a64e064ad1a3}</UniqueIdentifier>
    </Filter>
    <Filter Include="Source Files\Math">
      <UniqueIdentifier>{2f0c61d8-8521-4a62-9c9f-7aff6117e70e}</UniqueIdentifier>
    </Filter>
    <Filter Include="Header Files\Math">
      <UniqueIdentifier>{24a9eda6-9f9e-4757-aff9-ce4c99d1db1e}</UniqueIdentifier>
    </Filter>
    <Filter Include="Source Files\UNIV">
      <UniqueIdentifier>{bb320a3a-88d4-4235-8bff-ccfecaf9d4dd}</UniqueIdentifier>
    </Filter>
    <Filter Include="Header Files\UNIV">
      <UniqueIdentifier>{7306da6e-8231-4c81-8b46-86d12b150a67}</UniqueIdentifier>
    </Filter>
  </ItemGroup>
  <ItemGroup>
    <ClInclude Include="framework.h">
      <Filter>Header Files</Filter>
    </ClInclude>
    <ClInclude Include="pch.h">
      <Filter>Header Files</Filter>
    </ClInclude>
    <ClInclude Include="CALUMI_Animation.h">
      <Filter>Header Files\UNIV</Filter>
    </ClInclude>
    <ClInclude Include="SFBGS_Animation.h">
      <Filter>Header Files\SFBGS</Filter>
    </ClInclude>
    <ClInclude Include="CALUMI_ReadWritable.h">
      <Filter>Header Files\Interfaces</Filter>
    </ClInclude>
    <ClInclude Include="FileValidation.h">
      <Filter>Header Files\File Validation</Filter>
    </ClInclude>
    <ClInclude Include="FileError.h">
      <Filter>Header Files\File Validation</Filter>
    </ClInclude>
    <ClInclude Include="CALUMI_Utilities.h">
      <Filter>Header Files\Utilities</Filter>
    </ClInclude>
    <ClInclude Include="CALUMI_Math.h">
      <Filter>Header Files\Math</Filter>
    </ClInclude>
    <ClInclude Include="SFBGS_SkeletonRig.h">
      <Filter>Header Files\SFBGS</Filter>
    </ClInclude>
    <ClInclude Include="CALUMI_AnimationScene.h">
      <Filter>Header Files\UNIV</Filter>
    </ClInclude>
    <ClInclude Include="SFBGS_AnimationScene.h">
      <Filter>Header Files\SFBGS</Filter>
    </ClInclude>
    <ClInclude Include="CALUMI_SkeletonRig.h">
      <Filter>Header Files\UNIV</Filter>
    </ClInclude>
    <ClInclude Include="CALUMI_Convertible.h">
      <Filter>Header Files\Interfaces</Filter>
    </ClInclude>
    <ClInclude Include="CALUMI_AnimationEntries.h">
      <Filter>Header Files\UNIV</Filter>
    </ClInclude>
    <ClInclude Include="SFBGS_AnimationEntries.h">
      <Filter>Header Files\SFBGS</Filter>
    </ClInclude>
    <ClInclude Include="CALUMI_Common.h">
      <Filter>Header Files\Utilities</Filter>
    </ClInclude>
    <ClInclude Include="resource.h">
      <Filter>Header Files</Filter>
    </ClInclude>
    <ClInclude Include="CALUMI_BoneTypes.h">
      <Filter>Header Files\UNIV</Filter>
    </ClInclude>
    <ClInclude Include="SFBGS_RigPackage.h">
      <Filter>Header Files\SFBGS</Filter>
    </ClInclude>
  </ItemGroup>
  <ItemGroup>
    <ClCompile Include="dllmain.cpp">
      <Filter>Source Files</Filter>
    </ClCompile>
    <ClCompile Include="pch.cpp">
      <Filter>Source Files</Filter>
    </ClCompile>
    <ClCompile Include="SFBGS_Animation.cpp">
      <Filter>Source Files\SFBGS</Filter>
    </ClCompile>
    <ClCompile Include="CALUMI_Animation.cpp">
      <Filter>Source Files\UNIV</Filter>
    </ClCompile>
    <ClCompile Include="FileError.cpp">
      <Filter>Source Files\File Validation</Filter>
    </ClCompile>
    <ClCompile Include="FileValidation.cpp">
      <Filter>Source Files\File Validation</Filter>
    </ClCompile>
    <ClCompile Include="CALUMI_Utilities.cpp">
      <Filter>Source Files\Utilities</Filter>
    </ClCompile>
    <ClCompile Include="CALUMI_Math.cpp">
      <Filter>Source Files\Math</Filter>
    </ClCompile>
    <ClCompile Include="SFBGS_SkeletonRig.cpp">
      <Filter>Source Files\SFBGS</Filter>
    </ClCompile>
    <ClCompile Include="CALUMI_AnimationScene.cpp">
      <Filter>Source Files\UNIV</Filter>
    </ClCompile>
    <ClCompile Include="SFBGS_AnimationScene.cpp">
      <Filter>Source Files\SFBGS</Filter>
    </ClCompile>
    <ClCompile Include="CALUMI_SkeletonRig.cpp">
      <Filter>Source Files\UNIV</Filter>
    </ClCompile>
    <ClCompile Include="SFBGS_AnimationEntries.cpp">
      <Filter>Source Files\SFBGS</Filter>
    </ClCompile>
    <ClCompile Include="CALUMI_AnimationEntries.cpp">
      <Filter>Source Files\UNIV</Filter>
    </ClCompile>
    <ClCompile Include="SFBGS_RigPackage.cpp">
      <Filter>Source Files\SFBGS</Filter>
    </ClCompile>
    <ClCompile Include="CALUMI_BoneTypes.cpp">
      <Filter>Source Files\UNIV</Filter>
    </ClCompile>
  </ItemGroup>
  <ItemGroup>
    <ResourceCompile Include="CALUMI.Animation.rc">
      <Filter>Resource Files</Filter>
    </ResourceCompile>
  </ItemGroup>
  <ItemGroup>
    <None Include="cpp.hint" />
  </ItemGroup>
</Project>